
Microsoft Visual Studio Solution File, Format Version 12.00
# Visual Studio 2013
VisualStudioVersion = 12.0.30501.0
MinimumVisualStudioVersion = 10.0.40219.1
Project("{FAE04EC0-301F-11D3-BF4B-00C04F79EFBC}") = "SyncDataService", "SyncDataService\SyncDataService.csproj", "{2A07A0AB-7AE4-475E-81E3-8A5391AE97C4}"
EndProject
Project("{FAE04EC0-301F-11D3-BF4B-00C04F79EFBC}") = "DBUtility", "DBUtility\DBUtility.csproj", "{26D0C09A-0A77-48AC-9901-E56BE65E1F72}"
EndProject
Project("{FAE04EC0-301F-11D3-BF4B-00C04F79EFBC}") = "CustomizeConfig", "CustomizeConfig\CustomizeConfig.csproj", "{AFCE328A-514E-44BD-9ECD-563AE5164D56}"
EndProject
Global
	GlobalSection(SolutionConfigurationPlatforms) = preSolution
		Debug|Any CPU = Debug|Any CPU
		Debug|x86 = Debug|x86
		Release|Any CPU = Release|Any CPU
		Release|x86 = Release|x86
	EndGlobalSection
	GlobalSection(ProjectConfigurationPlatforms) = postSolution
		{2A07A0AB-7AE4-475E-81E3-8A5391AE97C4}.Debug|Any CPU.ActiveCfg = Debug|Any CPU
		{2A07A0AB-7AE4-475E-81E3-8A5391AE97C4}.Debug|Any CPU.Build.0 = Debug|Any CPU
		{2A07A0AB-7AE4-475E-81E3-8A5391AE97C4}.Debug|x86.ActiveCfg = Debug|Any CPU
		{2A07A0AB-7AE4-475E-81E3-8A5391AE97C4}.Debug|x86.Build.0 = Debug|Any CPU
		{2A07A0AB-7AE4-475E-81E3-8A5391AE97C4}.Release|Any CPU.ActiveCfg = Release|Any CPU
		{2A07A0AB-7AE4-475E-81E3-8A5391AE97C4}.Release|Any CPU.Build.0 = Release|Any CPU
		{2A07A0AB-7AE4-475E-81E3-8A5391AE97C4}.Release|x86.ActiveCfg = Release|x86
		{2A07A0AB-7AE4-475E-81E3-8A5391AE97C4}.Release|x86.Build.0 = Release|x86
		{26D0C09A-0A77-48AC-9901-E56BE65E1F72}.Debug|Any CPU.ActiveCfg = Debug|Any CPU
		{26D0C09A-0A77-48AC-9901-E56BE65E1F72}.Debug|Any CPU.Build.0 = Debug|Any CPU
		{26D0C09A-0A77-48AC-9901-E56BE65E1F72}.Debug|x86.ActiveCfg = Debug|Any CPU
		{26D0C09A-0A77-48AC-9901-E56BE65E1F72}.Debug|x86.Build.0 = Debug|Any CPU
		{26D0C09A-0A77-48AC-9901-E56BE65E1F72}.Release|Any CPU.ActiveCfg = Release|Any CPU
		{26D0C09A-0A77-48AC-9901-E56BE65E1F72}.Release|Any CPU.Build.0 = Release|Any CPU
		{26D0C09A-0A77-48AC-9901-E56BE65E1F72}.Release|x86.ActiveCfg = Release|x86
		{26D0C09A-0A77-48AC-9901-E56BE65E1F72}.Release|x86.Build.0 = Release|x86
		{AFCE328A-514E-44BD-9ECD-563AE5164D56}.Debug|Any CPU.ActiveCfg = Debug|Any CPU
		{AFCE328A-514E-44BD-9ECD-563AE5164D56}.Debug|Any CPU.Build.0 = Debug|Any CPU
		{AFCE328A-514E-44BD-9ECD-563AE5164D56}.Debug|x86.ActiveCfg = Debug|Any CPU
		{AFCE328A-514E-44BD-9ECD-563AE5164D56}.Debug|x86.Build.0 = Debug|Any CPU
		{AFCE328A-514E-44BD-9ECD-563AE5164D56}.Release|Any CPU.ActiveCfg = Release|Any CPU
		{AFCE328A-514E-44BD-9ECD-563AE5164D56}.Release|Any CPU.Build.0 = Release|Any CPU
		{AFCE328A-514E-44BD-9ECD-563AE5164D56}.Release|x86.ActiveCfg = Release|x86
		{AFCE328A-514E-44BD-9ECD-563AE5164D56}.Release|x86.Build.0 = Release|x86
	EndGlobalSection
	GlobalSection(SolutionProperties) = preSolution
		HideSolutionNode = FALSE
	EndGlobalSection
EndGlobal
